{
  "nodes": {
    "nixpkgs": {
      "locked": {
        "lastModified": 1732014248,
        "narHash": "sha256-y/MEyuJ5oBWrWAic/14LaIr/u5E0wRVzyYsouYY3W6w=",
        "owner": "NixOS",
        "repo": "nixpkgs",
        "rev": "23e89b7da85c3640bbc2173fe04f4bd114342367",
        "type": "github"
      },
      "original": {
        "owner": "NixOS",
        "ref": "nixos-unstable",
        "repo": "nixpkgs",
        "type": "github"
      }
    },
    "nixpkgs_2": {
      "locked": {
        "lastModified": 1728538411,
        "narHash": "sha256-f0SBJz1eZ2yOuKUr5CA9BHULGXVSn6miBuUWdTyhUhU=",
        "owner": "NixOS",
        "repo": "nixpkgs",
        "rev": "b69de56fac8c2b6f8fd27f2eca01dcda8e0a4221",
        "type": "github"
      },
      "original": {
        "owner": "NixOS",
        "ref": "nixpkgs-unstable",
        "repo": "nixpkgs",
        "type": "github"
      }
    },
    "root": {
      "inputs": {
        "nixpkgs": "nixpkgs",
        "rust-overlay": "rust-overlay"
      }
    },
    "rust-overlay": {
      "inputs": {
        "nixpkgs": "nixpkgs_2"
      },
      "locked": {
        "lastModified": 1732328983,
        "narHash": "sha256-RHt12f/slrzDpSL7SSkydh8wUE4Nr4r23HlpWywed9E=",
        "owner": "oxalica",
        "repo": "rust-overlay",
        "rev": "ed8aa5b64f7d36d9338eb1d0a3bb60cf52069a72",
        "type": "github"
      },
      "original": {
        "owner": "oxalica",
        "repo": "rust-overlay",
        "type": "github"
      }
    }
  },
  "root": "root",
  "version": 7
}
